lockfileVersion: '9.0'

settings:
  autoInstallPeers: true
  excludeLinksFromLockfile: false

importers:

  .:
    dependencies:
      daisyui:
        specifier: ^5.0.3
        version: 5.0.3

packages:

  daisyui@5.0.3:
    resolution: {integrity: sha512-27dou80uFNgxVcmQNzS8QFBoE1/01u7N0smdGqA2pHbaRPTFoHdJfXNzilpvt/0jAVu8cMEhrVPoYxpdxLwumA==}

snapshots:

  daisyui@5.0.3: {}
