lockfileVersion: '9.0'

settings:
  autoInstallPeers: true
  excludeLinksFromLockfile: false

importers:

  .:
    dependencies:
      daisyui:
        specifier: ^5.0.13
        version: 5.0.13

packages:

  daisyui@5.0.13:
    resolution: {integrity: sha512-ZYQgZhfMqyFNh4aIzcsILzuErBbp1/tfUIs18/D3oKuJgmfiuPf1KUZzvoGjc8f2/JK0LWZh+BAYSVtWZq2awQ==}

snapshots:

  daisyui@5.0.13: {}
